PODS:
  - FBSnapshotTestCase (2.1.4):
    - FBSnapshotTestCase/SwiftSupport (= 2.1.4)
  - FBSnapshotTestCase/Core (2.1.4)
  - FBSnapshotTestCase/SwiftSupport (2.1.4):
    - FBSnapshotTestCase/Core
  - SWSocketManager (0.1.0)

DEPENDENCIES:
  - FBSnapshotTestCase
  - SWSocketManager (from `../`)

EXTERNAL SOURCES:
  SWSocketManager:
    :path: ../

SPEC CHECKSUMS:
  FBSnapshotTestCase: 094f9f314decbabe373b87cc339bea235a63e07a
  SWSocketManager: 06cbd7a6dafe5dd63e18013269951ed7ebf2a3dc

PODFILE CHECKSUM: eb249528f5b47760a26e3a7b69dc2929193a0171

COCOAPODS: 1.4.0.beta.1
